
Microsoft Visual Studio Solution File, Format Version 12.00
# Visual Studio Version 17
VisualStudioVersion = 17.6.33626.354
MinimumVisualStudioVersion = 10.0.40219.1
Project("{FAE04EC0-301F-11D3-BF4B-00C04F79EFBC}") = "BiomeManager", "BiomeManager\BiomeManager.csproj", "{0544C5B2-9A27-4C6C-A240-BC1C799F83BA}"
EndProject
Project("{2150E333-8FDC-42A3-9474-1A3956D46DE8}") = "00 - Commons", "00 - Commons", "{1AE28D42-E6DF-4B15-9DBA-20057E5862EA}"
	ProjectSection(SolutionItems) = preProject
		.editorconfig = .editorconfig
		.gitignore = .gitignore
		Directory.Build.props = Directory.Build.props
		finecodecoverage-settings.xml = finecodecoverage-settings.xml
		test.runsettings = test.runsettings
	EndProjectSection
EndProject
Global
	GlobalSection(SolutionConfigurationPlatforms) = preSolution
		Debug|Any CPU = Debug|Any CPU
		Release|Any CPU = Release|Any CPU
	EndGlobalSection
	GlobalSection(ProjectConfigurationPlatforms) = postSolution
		{0544C5B2-9A27-4C6C-A240-BC1C799F83BA}.Debug|Any CPU.ActiveCfg = Debug|Any CPU
		{0544C5B2-9A27-4C6C-A240-BC1C799F83BA}.Debug|Any CPU.Build.0 = Debug|Any CPU
		{0544C5B2-9A27-4C6C-A240-BC1C799F83BA}.Release|Any CPU.ActiveCfg = Release|Any CPU
		{0544C5B2-9A27-4C6C-A240-BC1C799F83BA}.Release|Any CPU.Build.0 = Release|Any CPU
	EndGlobalSection
	GlobalSection(SolutionProperties) = preSolution
		HideSolutionNode = FALSE
	EndGlobalSection
	GlobalSection(ExtensibilityGlobals) = postSolution
		SolutionGuid = {237A1E98-1026-4B67-8485-310FC5340B41}
	EndGlobalSection
EndGlobal
