{
  "version": 1,
  "dependencies": {
    "net7.0": {
      "Roslynator.Analyzers": {
        "type": "Direct",
        "requested": "[4.3.0, )",
        "resolved": "4.3.0",
        "contentHash": "NZNaV9DAYGHKZ753WfhtBj8eoP40LLJsA6JQXdzhF87iTZAdbKCgp32mI3cnQF4TMXz7bk+CgzF/kDG+m+9bCg=="
      },
      "Roslynator.CodeAnalysis.Analyzers": {
        "type": "Direct",
        "requested": "[4.3.0, )",
        "resolved": "4.3.0",
        "contentHash": "n5w4w/RE168IAaIFJruz7Qhig0OTGUwiXGGZa7ynvP9r4dcoMTFk+/xPnLNuiKuxX+ldjWpvaUiR4kNKREsoYg=="
      },
      "Roslynator.Formatting.Analyzers": {
        "type": "Direct",
        "requested": "[4.3.0, )",
        "resolved": "4.3.0",
        "contentHash": "fvPmVbNguTZbQoAxI6Onk76S+VN6NA2yAglOZFVqNj5D9C9b5o+IR2SttP9cB093KRzyjOzFmXDHnvAg1NEAqg=="
      },
      "SecurityCodeScan.VS2019": {
        "type": "Direct",
        "requested": "[5.6.7, )",
        "resolved": "5.6.7",
        "contentHash": "WIE9RJswdSc2j+rLz2gW6U+gMUjMHzY2j7C/CL8/R2olXNM/+twarfMnWqm+rZodDBvaYDApJyxM8mVYf9FGrQ=="
      }
    }
  }
}